<Project xmlns="http://schemas.microsoft.com/developer/msbuild/2003">
    <PropertyGroup>
        <ProjectGuid>{A948DCD0-F3D9-40EF-AB36-0AF47B6A5C38}</ProjectGuid>
        <ProjectVersion>15.3</ProjectVersion>
        <FrameworkType>VCL</FrameworkType>
        <MainSource>HiconisASManageR.dpr</MainSource>
        <Base>True</Base>
        <Config Condition="'$(Config)'==''">Debug</Config>
        <Platform Condition="'$(Platform)'==''">Win32</Platform>
        <TargetedPlatforms>1</TargetedPlatforms>
        <AppType>Application</AppType>
    </PropertyGroup>
    <PropertyGroup Condition="'$(Config)'=='Base' or '$(Base)'!=''">
        <Base>true</Base>
    </PropertyGroup>
    <PropertyGroup Condition="('$(Platform)'=='Win32' and '$(Base)'=='true') or '$(Base_Win32)'!=''">
        <Base_Win32>true</Base_Win32>
        <CfgParent>Base</CfgParent>
        <Base>true</Base>
    </PropertyGroup>
    <PropertyGroup Condition="('$(Platform)'=='Win64' and '$(Base)'=='true') or '$(Base_Win64)'!=''">
        <Base_Win64>true</Base_Win64>
        <CfgParent>Base</CfgParent>
        <Base>true</Base>
    </PropertyGroup>
    <PropertyGroup Condition="'$(Config)'=='Debug' or '$(Cfg_1)'!=''">
        <Cfg_1>true</Cfg_1>
        <CfgParent>Base</CfgParent>
        <Base>true</Base>
    </PropertyGroup>
    <PropertyGroup Condition="('$(Platform)'=='Win32' and '$(Cfg_1)'=='true') or '$(Cfg_1_Win32)'!=''">
        <Cfg_1_Win32>true</Cfg_1_Win32>
        <CfgParent>Cfg_1</CfgParent>
        <Cfg_1>true</Cfg_1>
        <Base>true</Base>
    </PropertyGroup>
    <PropertyGroup Condition="'$(Config)'=='Release' or '$(Cfg_2)'!=''">
        <Cfg_2>true</Cfg_2>
        <CfgParent>Base</CfgParent>
        <Base>true</Base>
    </PropertyGroup>
    <PropertyGroup Condition="'$(Base)'!=''">
        <DCC_Namespace>System;Xml;Data;Datasnap;Web;Soap;Vcl;Vcl.Imaging;Vcl.Touch;Vcl.Samples;Vcl.Shell;$(DCC_Namespace)</DCC_Namespace>
        <Icon_MainIcon>$(BDS)\bin\delphi_PROJECTICON.ico</Icon_MainIcon>
        <DCC_DcuOutput>.\$(Platform)\$(Config)</DCC_DcuOutput>
        <DCC_ExeOutput>.\$(Platform)\$(Config)</DCC_ExeOutput>
        <DCC_E>false</DCC_E>
        <DCC_N>false</DCC_N>
        <DCC_S>false</DCC_S>
        <DCC_F>false</DCC_F>
        <DCC_K>false</DCC_K>
    </PropertyGroup>
    <PropertyGroup Condition="'$(Base_Win32)'!=''">
        <Manifest_File>$(BDS)\bin\default_app.manifest</Manifest_File>
        <VerInfo_IncludeVerInfo>true</VerInfo_IncludeVerInfo>
        <VerInfo_Locale>1033</VerInfo_Locale>
        <DCC_Namespace>Winapi;System.Win;Data.Win;Datasnap.Win;Web.Win;Soap.Win;Xml.Win;Bde;$(DCC_Namespace)</DCC_Namespace>
        <DCC_UsePackage>ggbar;JvBDE;JvGlobus;JvMM;tmsdXE5;JvManagedThreads;FireDACSqliteDriver;DBXSqliteDriver;FireDACPgDriver;fmx;JvDlgs;IndySystem;NxCommonRun_dxe5;tmswizdXE5;JvCrypt;dacvcl190;inetdbbde;DBXInterBaseDriver;DataSnapClient;DataSnapCommon;DataSnapServer;NxCommonDsgn_dxe5;JvNet;DataSnapProviderClient;JvDotNetCtrls;DBXSybaseASEDriver;DbxCommonDriver;PythonVCL_XE2;vclimg;ExtLib_DXE5;DSPack_DXE5;dbxcds;OnGuardDR;DatasnapConnectorsFreePascal;MetropolisUILiveTile;JvXPCtrls;Python_XE2;ggbutton;vcldb;pkCindyPackDXE5;vcldsnap;fmxFireDAC;DBXDb2Driver;DCP_XE5;DBXOracleDriver;CustomIPTransport;JvCore;vclribbon;dsnap;IndyIPServer;NxInspectorRun_dxe5;fmxase;vcl;IndyCore;ComponentPackExRun;DCEF_XE5;IndyIPCommon;CloudService;DBXMSSQLDriver;CodeSiteExpressPkg;FireDACIBDriver;crcontrols190;odac190;odacfmx190;DataSnapFireDAC;FireDACDBXDriver;DragDropDXE5;JvAppFrm;JvDB;JvRuntimeDesign;inetdbxpress;JclDeveloperTools;FireDACDb2Driver;JvDocking;adortl;DelphiModbusXE5;JvWizards;adxolBuildD19;NxGridDsgn_dxe5;FireDACASADriver;JvHMI;dacfmx190;bindcompfmx;JvBands;vcldbx;IocompDelphiXE5;FireDACODBCDriver;NxDBGridRun_dxe5;oraprov190;rtl;dbrtl;DbxClientDriver;FireDACCommon;bindcomp;inetdb;JvPluginSystem;cepack;JclContainers;DBXOdbcDriver;adxBuildD19;LabelPack;vclFireDAC;JvCmp;JvSystem;xmlrtl;svnui;NxSheetRun_dxe5;JvTimeFramework;JvControls;IndyProtocols;DBXMySQLDriver;FireDACCommonDriver;tmsxlsdXE5;bindengine;vclactnband;soaprtl;bindcompdbx;A1_pjhCommonUnit4ExtLib;JvJans;bindcompvcl;JvStdCtrls;JvCustom;Jcl;vclie;JvPageComps;JvPrintPreview;pkCindyDBCtrlsPackDXE5;FireDACADSDriver;vcltouch;UtilPkg;PngComponents;dac190;NxGridRun_dxe5;NxDBGridDsgn_dxe5;VclSmp;FireDACMSSQLDriver;FireDAC;VCLRESTComponents;DBXInformixDriver;OLSecManD19;odacvcl190;DataSnapConnectors;FireDACDataSnapDriver;NxCollectionDsgn_dxe5;NxInspectorDsgn_dxe5;dsnapcon;DBXFirebirdDriver;inet;fmxobj;JclVcl;JvPascalInterpreter;FireDACMySQLDriver;vclx;svn;DBXSybaseASADriver;tmsexdXE5;FireDACOracleDriver;fmxdae;RESTComponents;bdertl;NxCollectionRun_dxe5;VirtualTreesR;FireDACMSAccDriver;DataSnapIndy10ServerTransport;dbexpress;IndyIPClient;$(DCC_UsePackage)</DCC_UsePackage>
        <VerInfo_Keys>CompanyName=;FileDescription=;FileVersion=1.0.0.0;InternalName=;LegalCopyright=;LegalTrademarks=;OriginalFilename=;ProductName=;ProductVersion=1.0.0.0;Comments=</VerInfo_Keys>
    </PropertyGroup>
    <PropertyGroup Condition="'$(Base_Win64)'!=''">
        <DCC_UsePackage>tmsdXE5;FireDACSqliteDriver;DBXSqliteDriver;FireDACPgDriver;fmx;IndySystem;NxCommonRun_dxe5;DBXInterBaseDriver;DataSnapClient;DataSnapCommon;DataSnapServer;NxCommonDsgn_dxe5;DataSnapProviderClient;DBXSybaseASEDriver;DbxCommonDriver;vclimg;dbxcds;OnGuardDR;DatasnapConnectorsFreePascal;MetropolisUILiveTile;vcldb;vcldsnap;fmxFireDAC;DBXDb2Driver;DBXOracleDriver;CustomIPTransport;vclribbon;dsnap;IndyIPServer;NxInspectorRun_dxe5;fmxase;vcl;IndyCore;IndyIPCommon;CloudService;DBXMSSQLDriver;FireDACIBDriver;DataSnapFireDAC;FireDACDBXDriver;DragDropDXE5;inetdbxpress;FireDACDb2Driver;adortl;DelphiModbusXE5;adxolBuildD19;NxGridDsgn_dxe5;FireDACASADriver;bindcompfmx;FireDACODBCDriver;NxDBGridRun_dxe5;rtl;dbrtl;DbxClientDriver;FireDACCommon;bindcomp;inetdb;DBXOdbcDriver;adxBuildD19;vclFireDAC;xmlrtl;NxSheetRun_dxe5;IndyProtocols;DBXMySQLDriver;FireDACCommonDriver;tmsxlsdXE5;bindengine;vclactnband;soaprtl;bindcompdbx;bindcompvcl;vclie;FireDACADSDriver;vcltouch;PngComponents;NxGridRun_dxe5;NxDBGridDsgn_dxe5;VclSmp;FireDACMSSQLDriver;FireDAC;VCLRESTComponents;DBXInformixDriver;OLSecManD19;DataSnapConnectors;FireDACDataSnapDriver;NxCollectionDsgn_dxe5;NxInspectorDsgn_dxe5;dsnapcon;DBXFirebirdDriver;inet;fmxobj;FireDACMySQLDriver;vclx;DBXSybaseASADriver;tmsexdXE5;FireDACOracleDriver;fmxdae;RESTComponents;NxCollectionRun_dxe5;VirtualTreesR;FireDACMSAccDriver;DataSnapIndy10ServerTransport;dbexpress;IndyIPClient;$(DCC_UsePackage)</DCC_UsePackage>
    </PropertyGroup>
    <PropertyGroup Condition="'$(Cfg_1)'!=''">
        <DCC_Define>DEBUG;$(DCC_Define)</DCC_Define>
        <DCC_DebugDCUs>true</DCC_DebugDCUs>
        <DCC_Optimize>false</DCC_Optimize>
        <DCC_GenerateStackFrames>true</DCC_GenerateStackFrames>
        <DCC_DebugInfoInExe>true</DCC_DebugInfoInExe>
        <DCC_RemoteDebug>true</DCC_RemoteDebug>
    </PropertyGroup>
    <PropertyGroup Condition="'$(Cfg_1_Win32)'!=''">
        <DCC_UnitSearchPath>E:\pjh\Dev\Lang\Delphi\OpenSrc\lib\mORMot2-master\src;E:\pjh\Dev\Lang\Delphi\OpenSrc\lib\mORMot2-master\src\core;E:\pjh\Dev\Lang\Delphi\OpenSrc\lib\mORMot2-master\src\crypt;E:\pjh\Dev\Lang\Delphi\OpenSrc\lib\mORMot2-master\src\db;E:\pjh\Dev\Lang\Delphi\OpenSrc\lib\mORMot2-master\src\ddd;E:\pjh\Dev\Lang\Delphi\OpenSrc\lib\mORMot2-master\src\lib;E:\pjh\Dev\Lang\Delphi\OpenSrc\lib\mORMot2-master\src\misc;E:\pjh\Dev\Lang\Delphi\OpenSrc\lib\mORMot2-master\src\net;E:\pjh\Dev\Lang\Delphi\OpenSrc\lib\mORMot2-master\src\orm;E:\pjh\Dev\Lang\Delphi\OpenSrc\lib\mORMot2-master\src\rest;E:\pjh\Dev\Lang\Delphi\OpenSrc\lib\mORMot2-master\src\soa;E:\pjh\Dev\Lang\Delphi\NoGitHub\Util;E:\pjh\Dev\Lang\Delphi\NoGitHub\RegisterPas2;E:\pjh\Dev\Lang\Delphi\NoGitHub\RegCodeManager2;E:\pjh\Dev\Lang\Delphi\NoGitHub\RegCodeManager2\Common;E:\pjh\Dev\Lang\Delphi\common;E:\pjh\project\common;E:\pjh\Dev\Lang\Delphi\Project\GSManage\Common;E:\pjh\Dev\Lang\Delphi\Project\GSManage;E:\pjh\Dev\Lang\Delphi\common\DataType;E:\pjh\Dev\Lang\Delphi\OpenSrc\lib\TStateMachine-master\source;E:\pjh\Dev\Lang\Delphi\common\Frame;E:\pjh\Dev\Lang\Delphi\common\Form;E:\pjh\project\common\LKSLEventUnits;E:\pjh\Dev\Lang\Delphi\OpenSrc\lib\delphistompclient-master;E:\pjh\Dev\Lang\Delphi\Project\GSManage\Common\Dom;E:\pjh\project\OpenSrc\lib\DelphiDabbler;E:\pjh\Dev\Lang\Delphi\OpenSrc\lib\SendInputHelper-master;E:\pjh\vcl\ralarm;E:\pjh\Dev\Lang\Delphi\OpenSrc\lib\Hooks-master;E:\pjh\Dev\Lang\Delphi\OpenSrc\lib\GpDelphiUnit\src;E:\pjh\project\common\Forms;E:\pjh\Dev\Lang\Delphi\Project\GSManage\TariffManager2;E:\pjh\Dev\Lang\Delphi\OpenSrc\lib\Cromis\IPC;E:\pjh\project\OpenSrc\lib\LKSL-master\Source\Lib\Pascal;E:\pjh\Dev\Lang\Delphi\OpenSrc\lib\Drag-and-Drop-Component-Suite-for-Delphi-master\DemosWithoutInstall\Outlook\MAPI;E:\pjh\Dev\Lang\Delphi\Project\RPA\Outlook\Util;E:\pjh\Dev\Lang\Delphi\Project\RPA\Outlook\common;E:\pjh\Dev\Lang\Delphi\Project\RPA\Outlook\common\tlb;E:\pjh\Dev\Lang\Delphi\Project\RPA\Outlook;E:\pjh\Dev\Lang\Delphi\OpenSrc\lib\ArrayHelper-master;E:\pjh\Dev\Lang\Delphi\Project\RPA\MacroManage;$(DCC_UnitSearchPath)</DCC_UnitSearchPath>
        <DCC_Define>USE_REGCODE;USE_SCRYPT;USE_SYN_CRYPT;USE_CROMIS_IPC;$(DCC_Define)</DCC_Define>
        <DCC_DcuOutput>Y:\pjh\Dcu\Win32\$(MSBuildProjectName)</DCC_DcuOutput>
        <VerInfo_IncludeVerInfo>true</VerInfo_IncludeVerInfo>
        <VerInfo_Locale>1033</VerInfo_Locale>
        <DCC_ExeOutput>..\bin</DCC_ExeOutput>
        <DCC_RemoteDebug>false</DCC_RemoteDebug>
    </PropertyGroup>
    <PropertyGroup Condition="'$(Cfg_2)'!=''">
        <DCC_LocalDebugSymbols>false</DCC_LocalDebugSymbols>
        <DCC_Define>RELEASE;$(DCC_Define)</DCC_Define>
        <DCC_SymbolReferenceInfo>0</DCC_SymbolReferenceInfo>
        <DCC_DebugInformation>0</DCC_DebugInformation>
    </PropertyGroup>
    <ItemGroup>
        <DelphiCompile Include="$(MainSource)">
            <MainSource>MainSource</MainSource>
        </DelphiCompile>
        <DCCReference Include="FrmHiconisASTaskEdit.pas">
            <Form>TaskEditF</Form>
        </DCCReference>
        <DCCReference Include="..\..\..\..\..\..\project\util\GSManage\FrmFileSelect.pas">
            <Form>FileSelectF</Form>
        </DCCReference>
        <DCCReference Include="..\FrmEditSubCon2.pas">
            <Form>Form2</Form>
        </DCCReference>
        <DCCReference Include="..\..\..\..\..\..\project\common\UnitStringUtil.pas"/>
        <DCCReference Include="..\Common\FrmTodo_Detail.pas">
            <Form>ToDoDetailF</Form>
        </DCCReference>
        <DCCReference Include="..\..\..\..\..\..\project\common\UnitDateUtil.pas"/>
        <DCCReference Include="..\..\..\common\UnitTodoCollect2.pas"/>
        <DCCReference Include="..\..\..\..\..\..\project\common\UnitRegistryUtil.pas"/>
        <DCCReference Include="..\..\..\..\..\..\project\common\Frames\UnitNextGridFrame.pas">
            <Form>Frame1</Form>
            <FormType>dfm</FormType>
            <DesignClass>TFrame</DesignClass>
        </DCCReference>
        <DCCReference Include="..\..\..\..\..\..\project\common\getIp.pas"/>
        <DCCReference Include="..\..\..\..\..\..\project\util\GSManage\FrmInqManageConfig.pas">
            <Form>ConfigF</Form>
            <FormType>dfm</FormType>
        </DCCReference>
        <DCCReference Include="..\Common\UnitAdvComponentUtil2.pas"/>
        <DCCReference Include="UnitHiconisASVarJsonUtil.pas"/>
        <DCCReference Include="..\Common\UnitHiconisASWSInterface.pas"/>
        <DCCReference Include="..\UnitUserDataRecord2.pas"/>
        <DCCReference Include="..\Common\UnitMAPSMacro2.pas"/>
        <DCCReference Include="..\..\..\..\..\..\project\common\JvgXMLSerializer_pjh.pas"/>
        <DCCReference Include="..\..\..\NoGitHub\RecordUnit2\HiconisASManager\UnitHiconisMasterRecord.pas"/>
        <DCCReference Include="..\..\..\..\..\..\project\common\UnitDFMUtil.pas"/>
        <DCCReference Include="..\VesselList\UnitVesselMasterRecord2.pas"/>
        <DCCReference Include="..\VesselList\UnitVesselData2.pas"/>
        <DCCReference Include="..\..\..\..\..\..\project\util\GSManage\VesselList\UnitEngineMasterData.pas"/>
        <DCCReference Include="..\..\..\..\..\..\project\util\GSManage\VesselList\UnitElecMasterData.pas"/>
        <DCCReference Include="..\FrmEditEmailInfo2.pas">
            <Form>EmailInfoF</Form>
            <FormType>dfm</FormType>
        </DCCReference>
        <DCCReference Include="..\..\..\common\Form\FrmSelectCheckBox.pas">
            <Form>SelectChcekBoxF</Form>
            <FormType>dfm</FormType>
        </DCCReference>
        <DCCReference Include="..\..\..\..\..\..\project\util\GSManage\UnitGSTriffData.pas"/>
        <DCCReference Include="FrmASMaterialEdit.pas">
            <Form>ASMaterialF</Form>
            <FormType>dfm</FormType>
        </DCCReference>
        <DCCReference Include="..\..\RPA\Outlook\Util\FrmOLEmailList.pas">
            <Form>OLEmailListF</Form>
            <FormType>dfm</FormType>
        </DCCReference>
        <DCCReference Include="..\..\..\Common\UnitOutlookUtil2.pas"/>
        <DCCReference Include="..\..\RPA\Outlook\Util\UnitOLControlWorker.pas"/>
        <DCCReference Include="..\..\..\Common\Frame\FrameOLEmailList4Ole.pas">
            <Form>OutlookEmailListFr</Form>
            <FormType>dfm</FormType>
            <DesignClass>TFrame</DesignClass>
        </DCCReference>
        <DCCReference Include="..\..\..\..\..\..\project\common\Forms\FrmStringsEdit.pas">
            <FormType>dfm</FormType>
        </DCCReference>
        <DCCReference Include="..\..\..\..\..\..\project\util\MacroManagement\FrmSerialCommConfig.pas">
            <Form>SerialCommConfigF</Form>
            <FormType>dfm</FormType>
        </DCCReference>
        <DCCReference Include="..\..\..\..\..\..\project\util\MacroManagement\UnitNameEdit.pas">
            <Form>NameEditF</Form>
            <FormType>dfm</FormType>
        </DCCReference>
        <DCCReference Include="UnitHiASMaterialRecord.pas"/>
        <DCCReference Include="UnitHiASSubConRecord.pas"/>
        <DCCReference Include="UnitHiASToDoRecord.pas"/>
        <DCCReference Include="..\..\..\Common\Form\FrmToDoList2.pas">
            <Form>ToDoListF2</Form>
            <FormType>dfm</FormType>
        </DCCReference>
        <DCCReference Include="..\..\..\Common\UnitToDoList.pas"/>
        <DCCReference Include="UnitHiASMaterialDetailRecord.pas"/>
        <DCCReference Include="..\..\..\Common\UnitStateMachineUtil.pas"/>
        <DCCReference Include="FrmASMaterialDetailEdit.pas">
            <Form>MaterialDetailF</Form>
            <FormType>dfm</FormType>
        </DCCReference>
        <DCCReference Include="FrmHiconisASManage.pas">
            <Form>HiconisAsManageF</Form>
            <FormType>dfm</FormType>
        </DCCReference>
        <DCCReference Include="..\Common\UnitCommonFormUtil.pas"/>
        <DCCReference Include="..\Common\UnitImportFromXls.pas"/>
        <DCCReference Include="UnitHiASMaterialCodeRecord.pas"/>
        <DCCReference Include="..\..\..\Common\UnitIniAttriPersist.pas"/>
        <DCCReference Include="UnitHiASIniConfig.pas"/>
        <DCCReference Include="..\..\..\Common\UnitIPCMsgQUtil.pas"/>
        <DCCReference Include="..\..\..\Common\UnitJsonUtil.pas"/>
        <DCCReference Include="UnitHiASOLUtil.pas"/>
        <DCCReference Include="UnitHiASProjectRecord.pas"/>
        <DCCReference Include="UnitHiconisDI16RecallRec.pas"/>
        <DCCReference Include="..\..\..\Common\UnitAdvCompUtil.pas"/>
        <DCCReference Include="UnitHiASUtil.pas"/>
        <None Include="HiconisASManageR.todo"/>
        <BuildConfiguration Include="Release">
            <Key>Cfg_2</Key>
            <CfgParent>Base</CfgParent>
        </BuildConfiguration>
        <BuildConfiguration Include="Base">
            <Key>Base</Key>
        </BuildConfiguration>
        <BuildConfiguration Include="Debug">
            <Key>Cfg_1</Key>
            <CfgParent>Base</CfgParent>
        </BuildConfiguration>
    </ItemGroup>
    <ProjectExtensions>
        <Borland.Personality>Delphi.Personality.12</Borland.Personality>
        <Borland.ProjectType/>
        <BorlandProject>
            <Delphi.Personality>
                <VersionInfo>
                    <VersionInfo Name="IncludeVerInfo">False</VersionInfo>
                    <VersionInfo Name="AutoIncBuild">False</VersionInfo>
                    <VersionInfo Name="MajorVer">1</VersionInfo>
                    <VersionInfo Name="MinorVer">0</VersionInfo>
                    <VersionInfo Name="Release">0</VersionInfo>
                    <VersionInfo Name="Build">0</VersionInfo>
                    <VersionInfo Name="Debug">False</VersionInfo>
                    <VersionInfo Name="PreRelease">False</VersionInfo>
                    <VersionInfo Name="Special">False</VersionInfo>
                    <VersionInfo Name="Private">False</VersionInfo>
                    <VersionInfo Name="DLL">False</VersionInfo>
                    <VersionInfo Name="Locale">1042</VersionInfo>
                    <VersionInfo Name="CodePage">949</VersionInfo>
                </VersionInfo>
                <VersionInfoKeys>
                    <VersionInfoKeys Name="CompanyName"/>
                    <VersionInfoKeys Name="FileDescription"/>
                    <VersionInfoKeys Name="FileVersion">1.0.0.0</VersionInfoKeys>
                    <VersionInfoKeys Name="InternalName"/>
                    <VersionInfoKeys Name="LegalCopyright"/>
                    <VersionInfoKeys Name="LegalTrademarks"/>
                    <VersionInfoKeys Name="OriginalFilename"/>
                    <VersionInfoKeys Name="ProductName"/>
                    <VersionInfoKeys Name="ProductVersion">1.0.0.0</VersionInfoKeys>
                    <VersionInfoKeys Name="Comments"/>
                    <VersionInfoKeys Name="CFBundleName"/>
                    <VersionInfoKeys Name="CFBundleDisplayName"/>
                    <VersionInfoKeys Name="UIDeviceFamily"/>
                    <VersionInfoKeys Name="CFBundleIdentifier"/>
                    <VersionInfoKeys Name="CFBundleVersion"/>
                    <VersionInfoKeys Name="CFBundlePackageType"/>
                    <VersionInfoKeys Name="CFBundleSignature"/>
                    <VersionInfoKeys Name="CFBundleAllowMixedLocalizations"/>
                    <VersionInfoKeys Name="UISupportedInterfaceOrientations"/>
                    <VersionInfoKeys Name="CFBundleExecutable"/>
                    <VersionInfoKeys Name="CFBundleResourceSpecification"/>
                    <VersionInfoKeys Name="LSRequiresIPhoneOS"/>
                    <VersionInfoKeys Name="CFBundleInfoDictionaryVersion"/>
                    <VersionInfoKeys Name="CFBundleDevelopmentRegion"/>
                    <VersionInfoKeys Name="package"/>
                    <VersionInfoKeys Name="label"/>
                    <VersionInfoKeys Name="versionCode"/>
                    <VersionInfoKeys Name="versionName"/>
                    <VersionInfoKeys Name="persistent"/>
                    <VersionInfoKeys Name="restoreAnyVersion"/>
                    <VersionInfoKeys Name="installLocation"/>
                    <VersionInfoKeys Name="largeHeap"/>
                    <VersionInfoKeys Name="theme"/>
                </VersionInfoKeys>
                <Source>
                    <Source Name="MainSource">HiconisASManageR.dpr</Source>
                </Source>
                <Excluded_Packages>
                    <Excluded_Packages Name="$(BDSBIN)\dclIPIndyImpl190.bpl">IP Abstraction Indy Implementation Design Time</Excluded_Packages>
                    <Excluded_Packages Name="C:\Users\Public\Documents\RAD Studio\12.0\Bpl\DelphiXE5_RestApi.bpl">(untitled)</Excluded_Packages>
                    <Excluded_Packages Name="$(BDSBIN)\dcloffice2k190.bpl">Microsoft Office 2000 Sample Automation Server Wrapper Components</Excluded_Packages>
                    <Excluded_Packages Name="$(BDSBIN)\dclofficexp190.bpl">Microsoft Office XP Sample Automation Server Wrapper Components</Excluded_Packages>
                </Excluded_Packages>
            </Delphi.Personality>
            <Deployment/>
            <Platforms>
                <Platform value="Win32">True</Platform>
                <Platform value="Win64">False</Platform>
            </Platforms>
            <ModelSupport>False</ModelSupport>
        </BorlandProject>
        <ProjectFileVersion>12</ProjectFileVersion>
    </ProjectExtensions>
    <Import Project="$(BDS)\Bin\CodeGear.Delphi.Targets" Condition="Exists('$(BDS)\Bin\CodeGear.Delphi.Targets')"/>
    <Import Project="$(APPDATA)\Embarcadero\$(BDSAPPDATABASEDIR)\$(PRODUCTVERSION)\UserTools.proj" Condition="Exists('$(APPDATA)\Embarcadero\$(BDSAPPDATABASEDIR)\$(PRODUCTVERSION)\UserTools.proj')"/>
</Project>
